// !$*UTF8*$!
{
	archiveVersion = 1;
	classes = {
	};
	objectVersion = 50;
	objects = {

/* Begin PBXBuildFile section */
		9BE62E472350D221003120DD /* AppDelegate.swift in Sources */ = {isa = PBXBuildFile; fileRef = 9BE62E462350D221003120DD /* AppDelegate.swift */; };
		9BE62E492350D221003120DD /* GameScene.sks in Resources */ = {isa = PBXBuildFile; fileRef = 9BE62E482350D221003120DD /* GameScene.sks */; };
		9BE62E4B2350D221003120DD /* Actions.sks in Resources */ = {isa = PBXBuildFile; fileRef = 9BE62E4A2350D221003120DD /* Actions.sks */; };
		9BE62E4D2350D221003120DD /* GameScene.swift in Sources */ = {isa = PBXBuildFile; fileRef = 9BE62E4C2350D221003120DD /* GameScene.swift */; };
		9BE62E4F2350D221003120DD /* GameViewController.swift in Sources */ = {isa = PBXBuildFile; fileRef = 9BE62E4E2350D221003120DD /* GameViewController.swift */; };
		9BE62E522350D221003120DD /* Main.storyboard in Resources */ = {isa = PBXBuildFile; fileRef = 9BE62E502350D221003120DD /* Main.storyboard */; };
		9BE62E542350D222003120DD /* Assets.xcassets in Resources */ = {isa = PBXBuildFile; fileRef = 9BE62E532350D222003120DD /* Assets.xcassets */; };
		9BE62E572350D222003120DD /* LaunchScreen.storyboard in Resources */ = {isa = PBXBuildFile; fileRef = 9BE62E552350D222003120DD /* LaunchScreen.storyboard */; };
/* End PBXBuildFile section */

/* Begin PBXFileReference section */
		9BE62E432350D221003120DD /* LaranjaTree-F19.app */ = {isa = PBXFileReference; explicitFileType = wrapper.application; includeInIndex = 0; path = "LaranjaTree-F19.app"; sourceTree = BUILT_PRODUCTS_DIR; };
		9BE62E462350D221003120DD /* AppDelegate.swift */ = {isa = PBXFileReference; lastKnownFileType = sourcecode.swift; path = AppDelegate.swift; sourceTree = "<group>"; };
		9BE62E482350D221003120DD /* GameScene.sks */ = {isa = PBXFileReference; lastKnownFileType = file.sks; path = GameScene.sks; sourceTree = "<group>"; };
		9BE62E4A2350D221003120DD /* Actions.sks */ = {isa = PBXFileReference; lastKnownFileType = file.sks; path = Actions.sks; sourceTree = "<group>"; };
		9BE62E4C2350D221003120DD /* GameScene.swift */ = {isa = PBXFileReference; lastKnownFileType = sourcecode.swift; path = GameScene.swift; sourceTree = "<group>"; };
		9BE62E4E2350D221003120DD /* GameViewController.swift */ = {isa = PBXFileReference; lastKnownFileType = sourcecode.swift; path = GameViewController.swift; sourceTree = "<group>"; };
		9BE62E512350D221003120DD /* Base */ = {isa = PBXFileReference; lastKnownFileType = file.storyboard; name = Base; path = Base.lproj/Main.storyboard; sourceTree = "<group>"; };
		9BE62E532350D222003120DD /* Assets.xcassets */ = {isa = PBXFileReference; lastKnownFileType = folder.assetcatalog; path = Assets.xcassets; sourceTree = "<group>"; };
		9BE62E562350D222003120DD /* Base */ = {isa = PBXFileReference; lastKnownFileType = file.storyboard; name = Base; path = Base.lproj/LaunchScreen.storyboard; sourceTree = "<group>"; };
		9BE62E582350D222003120DD /* Info.plist */ = {isa = PBXFileReference; lastKnownFileType = text.plist.xml; path = Info.plist; sourceTree = "<group>"; };
/* End PBXFileReference section */

/* Begin PBXFrameworksBuildPhase section */
		9BE62E402350D221003120DD /* Frameworks */ = {
			isa = PBXFrameworksBuildPhase;
			buildActionMask = 2147483647;
			files = (
			);
			runOnlyForDeploymentPostprocessing = 0;
		};
/* End PBXFrameworksBuildPhase section */

/* Begin PBXGroup section */
		9BE62E3A2350D221003120DD = {
			isa = PBXGroup;
			children = (
				9BE62E452350D221003120DD /* LaranjaTree-F19 */,
				9BE62E442350D221003120DD /* Products */,
			);
			sourceTree = "<group>";
		};
		9BE62E442350D221003120DD /* Products */ = {
			isa = PBXGroup;
			children = (
				9BE62E432350D221003120DD /* LaranjaTree-F19.app */,
			);
			name = Products;
			sourceTree = "<group>";
		};
		9BE62E452350D221003120DD /* LaranjaTree-F19 */ = {
			isa = PBXGroup;
			children = (
				9BE62E462350D221003120DD /* AppDelegate.swift */,
				9BE62E482350D221003120DD /* GameScene.sks */,
				9BE62E4A2350D221003120DD /* Actions.sks */,
				9BE62E4C2350D221003120DD /* GameScene.swift */,
				9BE62E4E2350D221003120DD /* GameViewController.swift */,
				9BE62E502350D221003120DD /* Main.storyboard */,
				9BE62E532350D222003120DD /* Assets.xcassets */,
				9BE62E552350D222003120DD /* LaunchScreen.storyboard */,
				9BE62E582350D222003120DD /* Info.plist */,
			);
			path = "LaranjaTree-F19";
			sourceTree = "<group>";
		};
/* End PBXGroup section */

/* Begin PBXNativeTarget section */
		9BE62E422350D221003120DD /* LaranjaTree-F19 */ = {
			isa = PBXNativeTarget;
			buildConfigurationList = 9BE62E5B2350D222003120DD /* Build configuration list for PBXNativeTarget "LaranjaTree-F19" */;
			buildPhases = (
				9BE62E3F2350D221003120DD /* Sources */,
				9BE62E402350D221003120DD /* Frameworks */,
				9BE62E412350D221003120DD /* Resources */,
			);
			buildRules = (
			);
			dependencies = (
			);
			name = "LaranjaTree-F19";
			productName = "LaranjaTree-F19";
			productReference = 9BE62E432350D221003120DD /* LaranjaTree-F19.app */;
			productType = "com.apple.product-type.application";
		};
/* End PBXNativeTarget section */

/* Begin PBXProject section */
		9BE62E3B2350D221003120DD /* Project object */ = {
			isa = PBXProject;
			attributes = {
				LastSwiftUpdateCheck = 1030;
				LastUpgradeCheck = 1030;
				ORGANIZATIONNAME = MacStudent;
				TargetAttributes = {
					9BE62E422350D221003120DD = {
						CreatedOnToolsVersion = 10.3;
					};
				};
			};
			buildConfigurationList = 9BE62E3E2350D221003120DD /* Build configuration list for PBXProject "LaranjaTree-F19" */;
			compatibilityVersion = "Xcode 9.3";
			developmentRegion = en;
			hasScannedForEncodings = 0;
			knownRegions = (
				en,
				Base,
			);
			mainGroup = 9BE62E3A2350D221003120DD;
			productRefGroup = 9BE62E442350D221003120DD /* Products */;
			projectDirPath = "";
			projectRoot = "";
			targets = (
				9BE62E422350D221003120DD /* LaranjaTree-F19 */,
			);
		};
/* End PBXProject section */

/* Begin PBXResourcesBuildPhase section */
		9BE62E412350D221003120DD /* Resources */ = {
			isa = PBXResourcesBuildPhase;
			buildActionMask = 2147483647;
			files = (
				9BE62E522350D221003120DD /* Main.storyboard in Resources */,
				9BE62E492350D221003120DD /* GameScene.sks in Resources */,
				9BE62E542350D222003120DD /* Assets.xcassets in Resources */,
				9BE62E572350D222003120DD /* LaunchScreen.storyboard in Resources */,
				9BE62E4B2350D221003120DD /* Actions.sks in Resources */,
			);
			runOnlyForDeploymentPostprocessing = 0;
		};
/* End PBXResourcesBuildPhase section */

/* Begin PBXSourcesBuildPhase section */
		9BE62E3F2350D221003120DD /* Sources */ = {
			isa = PBXSourcesBuildPhase;
			buildActionMask = 2147483647;
			files = (
				9BE62E4D2350D221003120DD /* GameScene.swift in Sources */,
				9BE62E4F2350D221003120DD /* GameViewController.swift in Sources */,
				9BE62E472350D221003120DD /* AppDelegate.swift in Sources */,
			);
			runOnlyForDeploymentPostprocessing = 0;
		};
/* End PBXSourcesBuildPhase section */

/* Begin PBXVariantGroup section */
		9BE62E502350D221003120DD /* Main.storyboard */ = {
			isa = PBXVariantGroup;
			children = (
				9BE62E512350D221003120DD /* Base */,
			);
			name = Main.storyboard;
			sourceTree = "<group>";
		};
		9BE62E552350D222003120DD /* LaunchScreen.storyboard */ = {
			isa = PBXVariantGroup;
			children = (
				9BE62E562350D222003120DD /* Base */,
			);
			name = LaunchScreen.storyboard;
			sourceTree = "<group>";
		};
/* End PBXVariantGroup section */

/* Begin XCBuildConfiguration section */
		9BE62E592350D222003120DD /* Debug */ = {
			isa = XCBuildConfiguration;
			buildSettings = {
				ALWAYS_SEARCH_USER_PATHS = NO;
				CLANG_ANALYZER_NONNULL = YES;
				CLANG_ANALYZER_NUMBER_OBJECT_CONVERSION = YES_AGGRESSIVE;
				CLANG_CXX_LANGUAGE_STANDARD = "gnu++14";
				CLANG_CXX_LIBRARY = "libc++";
				CLANG_ENABLE_MODULES = YES;
				CLANG_ENABLE_OBJC_ARC = YES;
				CLANG_ENABLE_OBJC_WEAK = YES;
				CLANG_WARN_BLOCK_CAPTURE_AUTORELEASING = YES;
				CLANG_WARN_BOOL_CONVERSION = YES;
				CLANG_WARN_COMMA = YES;
				CLANG_WARN_CONSTANT_CONVERSION = YES;
				CLANG_WARN_DEPRECATED_OBJC_IMPLEMENTATIONS = YES;
				CLANG_WARN_DIRECT_OBJC_ISA_USAGE = YES_ERROR;
				CLANG_WARN_DOCUMENTATION_COMMENTS = YES;
				CLANG_WARN_EMPTY_BODY = YES;
				CLANG_WARN_ENUM_CONVERSION = YES;
				CLANG_WARN_INFINITE_RECURSION = YES;
				CLANG_WARN_INT_CONVERSION = YES;
				CLANG_WARN_NON_LITERAL_NULL_CONVERSION = YES;
				CLANG_WARN_OBJC_IMPLICIT_RETAIN_SELF = YES;
				CLANG_WARN_OBJC_LITERAL_CONVERSION = YES;
				CLANG_WARN_OBJC_ROOT_CLASS = YES_ERROR;
				CLANG_WARN_RANGE_LOOP_ANALYSIS = YES;
				CLANG_WARN_STRICT_PROTOTYPES = YES;
				CLANG_WARN_SUSPICIOUS_MOVE = YES;
				CLANG_WARN_UNGUARDED_AVAILABILITY = YES_AGGRESSIVE;
				CLANG_WARN_UNREACHABLE_CODE = YES;
				CLANG_WARN__DUPLICATE_METHOD_MATCH = YES;
				CODE_SIGN_IDENTITY = "iPhone Developer";
				COPY_PHASE_STRIP = NO;
				DEBUG_INFORMATION_FORMAT = dwarf;
				ENABLE_STRICT_OBJC_MSGSEND = YES;
				ENABLE_TESTABILITY = YES;
				GCC_C_LANGUAGE_STANDARD = gnu11;
				GCC_DYNAMIC_NO_PIC = NO;
				GCC_NO_COMMON_BLOCKS = YES;
				GCC_OPTIMIZATION_LEVEL = 0;
				GCC_PREPROCESSOR_DEFINITIONS = (
					"DEBUG=1",
					"$(inherited)",
				);
				GCC_WARN_64_TO_32_BIT_CONVERSION = YES;
				GCC_WARN_ABOUT_RETURN_TYPE = YES_ERROR;
				GCC_WARN_UNDECLARED_SELECTOR = YES;
				GCC_WARN_UNINITIALIZED_AUTOS = YES_AGGRESSIVE;
				GCC_WARN_UNUSED_FUNCTION = YES;
				GCC_WARN_UNUSED_VARIABLE = YES;
				IPHONEOS_DEPLOYMENT_TARGET = 12.4;
				MTL_ENABLE_DEBUG_INFO = INCLUDE_SOURCE;
				MTL_FAST_MATH = YES;
				ONLY_ACTIVE_ARCH = YES;
				SDKROOT = iphoneos;
				SWIFT_ACTIVE_COMPILATION_CONDITIONS = DEBUG;
				SWIFT_OPTIMIZATION_LEVEL = "-Onone";
			};
			name = Debug;
		};
		9BE62E5A2350D222003120DD /* Release */ = {
			isa = XCBuildConfiguration;
			buildSettings = {
				ALWAYS_SEARCH_USER_PATHS = NO;
				CLANG_ANALYZER_NONNULL = YES;
				CLANG_ANALYZER_NUMBER_OBJECT_CONVERSION = YES_AGGRESSIVE;
				CLANG_CXX_LANGUAGE_STANDARD = "gnu++14";
				CLANG_CXX_LIBRARY = "libc++";
				CLANG_ENABLE_MODULES = YES;
				CLANG_ENABLE_OBJC_ARC = YES;
				CLANG_ENABLE_OBJC_WEAK = YES;
				CLANG_WARN_BLOCK_CAPTURE_AUTORELEASING = YES;
				CLANG_WARN_BOOL_CONVERSION = YES;
				CLANG_WARN_COMMA = YES;
				CLANG_WARN_CONSTANT_CONVERSION = YES;
				CLANG_WARN_DEPRECATED_OBJC_IMPLEMENTATIONS = YES;
				CLANG_WARN_DIRECT_OBJC_ISA_USAGE = YES_ERROR;
				CLANG_WARN_DOCUMENTATION_COMMENTS = YES;
				CLANG_WARN_EMPTY_BODY = YES;
				CLANG_WARN_ENUM_CONVERSION = YES;
				CLANG_WARN_INFINITE_RECURSION = YES;
				CLANG_WARN_INT_CONVERSION = YES;
				CLANG_WARN_NON_LITERAL_NULL_CONVERSION = YES;
				CLANG_WARN_OBJC_IMPLICIT_RETAIN_SELF = YES;
				CLANG_WARN_OBJC_LITERAL_CONVERSION = YES;
				CLANG_WARN_OBJC_ROOT_CLASS = YES_ERROR;
				CLANG_WARN_RANGE_LOOP_ANALYSIS = YES;
				CLANG_WARN_STRICT_PROTOTYPES = YES;
				CLANG_WARN_SUSPICIOUS_MOVE = YES;
				CLANG_WARN_UNGUARDED_AVAILABILITY = YES_AGGRESSIVE;
				CLANG_WARN_UNREACHABLE_CODE = YES;
				CLANG_WARN__DUPLICATE_METHOD_MATCH = YES;
				CODE_SIGN_IDENTITY = "iPhone Developer";
				COPY_PHASE_STRIP = NO;
				DEBUG_INFORMATION_FORMAT = "dwarf-with-dsym";
				ENABLE_NS_ASSERTIONS = NO;
				ENABLE_STRICT_OBJC_MSGSEND = YES;
				GCC_C_LANGUAGE_STANDARD = gnu11;
				GCC_NO_COMMON_BLOCKS = YES;
				GCC_WARN_64_TO_32_BIT_CONVERSION = YES;
				GCC_WARN_ABOUT_RETURN_TYPE = YES_ERROR;
				GCC_WARN_UNDECLARED_SELECTOR = YES;
				GCC_WARN_UNINITIALIZED_AUTOS = YES_AGGRESSIVE;
				GCC_WARN_UNUSED_FUNCTION = YES;
				GCC_WARN_UNUSED_VARIABLE = YES;
				IPHONEOS_DEPLOYMENT_TARGET = 12.4;
				MTL_ENABLE_DEBUG_INFO = NO;
				MTL_FAST_MATH = YES;
				SDKROOT = iphoneos;
				SWIFT_COMPILATION_MODE = wholemodule;
				SWIFT_OPTIMIZATION_LEVEL = "-O";
				VALIDATE_PRODUCT = YES;
			};
			name = Release;
		};
		9BE62E5C2350D222003120DD /* Debug */ = {
			isa = XCBuildConfiguration;
			buildSettings = {
				ASSETCATALOG_COMPILER_APPICON_NAME = AppIcon;
				CODE_SIGN_STYLE = Automatic;
				INFOPLIST_FILE = "LaranjaTree-F19/Info.plist";
				LD_RUNPATH_SEARCH_PATHS = (
					"$(inherited)",
					"@executable_path/Frameworks",
				);
				PRODUCT_BUNDLE_IDENTIFIER = "paste.LaranjaTree-F19";
				PRODUCT_NAME = "$(TARGET_NAME)";
				SWIFT_VERSION = 5.0;
				TARGETED_DEVICE_FAMILY = "1,2";
			};
			name = Debug;
		};
		9BE62E5D2350D222003120DD /* Release */ = {
			isa = XCBuildConfiguration;
			buildSettings = {
				ASSETCATALOG_COMPILER_APPICON_NAME = AppIcon;
				CODE_SIGN_STYLE = Automatic;
				INFOPLIST_FILE = "LaranjaTree-F19/Info.plist";
				LD_RUNPATH_SEARCH_PATHS = (
					"$(inherited)",
					"@executable_path/Frameworks",
				);
				PRODUCT_BUNDLE_IDENTIFIER = "paste.LaranjaTree-F19";
				PRODUCT_NAME = "$(TARGET_NAME)";
				SWIFT_VERSION = 5.0;
				TARGETED_DEVICE_FAMILY = "1,2";
			};
			name = Release;
		};
/* End XCBuildConfiguration section */

/* Begin XCConfigurationList section */
		9BE62E3E2350D221003120DD /* Build configuration list for PBXProject "LaranjaTree-F19" */ = {
			isa = XCConfigurationList;
			buildConfigurations = (
				9BE62E592350D222003120DD /* Debug */,
				9BE62E5A2350D222003120DD /* Release */,
			);
			defaultConfigurationIsVisible = 0;
			defaultConfigurationName = Release;
		};
		9BE62E5B2350D222003120DD /* Build configuration list for PBXNativeTarget "LaranjaTree-F19" */ = {
			isa = XCConfigurationList;
			buildConfigurations = (
				9BE62E5C2350D222003120DD /* Debug */,
				9BE62E5D2350D222003120DD /* Release */,
			);
			defaultConfigurationIsVisible = 0;
			defaultConfigurationName = Release;
		};
/* End XCConfigurationList section */
	};
	rootObject = 9BE62E3B2350D221003120DD /* Project object */;
}
